{
  "name": "hexo-site",
  "version": "0.0.0",
  "lockfileVersion": 1,
  "requires": true,
  "dependencies": {
    "JSONStream": {
      "version": "1.3.5",
      "resolved": "http://r.npm.sankuai.com/JSONStream/download/JSONStream-1.3.5.tgz",
      "integrity": "sha1-MgjB8I06TZkmGrZPkjArwV4RHKA=",
      "requires": {
        "jsonparse": "^1.2.0",
        "through": ">=2.2.7 <3"
      }
    },
    "a-sync-waterfall": {
      "version": "1.0.1",
      "resolved": "http://r.npm.sankuai.com/a-sync-waterfall/download/a-sync-waterfall-1.0.1.tgz",
      "integrity": "sha1-dba2qnJZi0l6El56J3DxT0yKH6c="
    },
    "abbrev": {
      "version": "1.1.1",
      "resolved": "http://r.npm.sankuai.com/abbrev/download/abbrev-1.1.1.tgz",
      "integrity": "sha1-+PLIh60Qv2f2NPAFtph/7TF5qsg="
    },
    "ansi-regex": {
      "version": "5.0.0",
      "resolved": "http://r.npm.sankuai.com/ansi-regex/download/ansi-regex-5.0.0.tgz",
      "integrity": "sha1-OIU59VF5vzkznIGvMKZU1p+Hy3U="
    },
    "ansi-styles": {
      "version": "4.3.0",
      "resolved": "http://r.npm.sankuai.com/ansi-styles/download/ansi-styles-4.3.0.tgz",
      "integrity": "sha1-7dgDYornHATIWuegkG7a00tkiTc=",
      "requires": {
        "color-convert": "^2.0.1"
      }
    },
    "anymatch": {
      "version": "3.1.1",
      "resolved": "http://r.npm.sankuai.com/anymatch/download/anymatch-3.1.1.tgz",
      "integrity": "sha1-xV7PAhheJGklk5kxDBc84xIzsUI=",
      "requires": {
        "normalize-path": "^3.0.0",
        "picomatch": "^2.0.4"
      }
    },
    "archy": {
      "version": "1.0.0",
      "resolved": "http://r.npm.sankuai.com/archy/download/archy-1.0.0.tgz",
      "integrity": "sha1-+cjBN1fMHde8N5rHeyxipcKGjEA="
    },
    "argparse": {
      "version": "1.0.10",
      "resolved": "http://r.npm.sankuai.com/argparse/download/argparse-1.0.10.tgz",
      "integrity": "sha1-vNZ5HqWuCXJeF+WtmIE0zUCz2RE=",
      "requires": {
        "sprintf-js": "~1.0.2"
      }
    },
    "asap": {
      "version": "2.0.6",
      "resolved": "http://r.npm.sankuai.com/asap/download/asap-2.0.6.tgz",
      "integrity": "sha1-5QNHYR1+aQlDIIu9r+vLwvuGbUY="
    },
    "binary-extensions": {
      "version": "2.1.0",
      "resolved": "http://r.npm.sankuai.com/binary-extensions/download/binary-extensions-2.1.0.tgz",
      "integrity": "sha1-MPpAyef+B9vIlWeM0ocCTeokHdk="
    },
    "bluebird": {
      "version": "3.7.2",
      "resolved": "http://r.npm.sankuai.com/bluebird/download/bluebird-3.7.2.tgz",
      "integrity": "sha1-nyKcFb4nJFT/qXOs4NvueaGww28="
    },
    "braces": {
      "version": "3.0.2",
      "resolved": "http://r.npm.sankuai.com/braces/download/braces-3.0.2.tgz",
      "integrity": "sha1-NFThpGLujVmeI23zNs2epPiv4Qc=",
      "requires": {
        "fill-range": "^7.0.1"
      }
    },
    "camel-case": {
      "version": "4.1.2",
      "resolved": "http://r.npm.sankuai.com/camel-case/download/camel-case-4.1.2.tgz",
      "integrity": "sha1-lygHKpVPgFIoIlpt7qazhGHhvVo=",
      "requires": {
        "pascal-case": "^3.1.2",
        "tslib": "^2.0.3"
      }
    },
    "chalk": {
      "version": "4.1.0",
      "resolved": "http://r.npm.sankuai.com/chalk/download/chalk-4.1.0.tgz",
      "integrity": "sha1-ThSHCmGNni7dl92DRf2dncMVZGo=",
      "requires": {
        "ansi-styles": "^4.1.0",
        "supports-color": "^7.1.0"
      }
    },
    "chokidar": {
      "version": "3.4.3",
      "resolved": "http://r.npm.sankuai.com/chokidar/download/chokidar-3.4.3.tgz",
      "integrity": "sha1-wd84IxRI5FykrFiObHlXO6alfVs=",
      "requires": {
        "anymatch": "~3.1.1",
        "braces": "~3.0.2",
        "fsevents": "~2.1.2",
        "glob-parent": "~5.1.0",
        "is-binary-path": "~2.1.0",
        "is-glob": "~4.0.1",
        "normalize-path": "~3.0.0",
        "readdirp": "~3.5.0"
      }
    },
    "clipboard": {
      "version": "2.0.6",
      "resolved": "http://r.npm.sankuai.com/clipboard/download/clipboard-2.0.6.tgz",
      "integrity": "sha1-UpISlu7A/fd+rRdJQhshyWhkc3Y=",
      "optional": true,
      "requires": {
        "good-listener": "^1.2.2",
        "select": "^1.1.2",
        "tiny-emitter": "^2.0.0"
      }
    },
    "color-convert": {
      "version": "2.0.1",
      "resolved": "http://r.npm.sankuai.com/color-convert/download/color-convert-2.0.1.tgz",
      "integrity": "sha1-ctOmjVmMm9s68q0ehPIdiWq9TeM=",
      "requires": {
        "color-name": "~1.1.4"
      }
    },
    "color-name": {
      "version": "1.1.4",
      "resolved": "http://r.npm.sankuai.com/color-name/download/color-name-1.1.4.tgz",
      "integrity": "sha1-wqCah6y95pVD3m9j+jmVyCbFNqI="
    },
    "command-exists": {
      "version": "1.2.9",
      "resolved": "http://r.npm.sankuai.com/command-exists/download/command-exists-1.2.9.tgz",
      "integrity": "sha1-xQclrzgIyKsCYP1gsB+/oluVT2k="
    },
    "commander": {
      "version": "5.1.0",
      "resolved": "http://r.npm.sankuai.com/commander/download/commander-5.1.0.tgz",
      "integrity": "sha1-Rqu9FlL44Fm92u+Zu9yyrZzxea4="
    },
    "cross-spawn": {
      "version": "7.0.3",
      "resolved": "http://r.npm.sankuai.com/cross-spawn/download/cross-spawn-7.0.3.tgz",
      "integrity": "sha1-9zqFudXUHQRVUcF34ogtSshXKKY=",
      "requires": {
        "path-key": "^3.1.0",
        "shebang-command": "^2.0.0",
        "which": "^2.0.1"
      }
    },
    "cuid": {
      "version": "2.1.8",
      "resolved": "http://r.npm.sankuai.com/cuid/download/cuid-2.1.8.tgz",
      "integrity": "sha1-y7iPlUFx4NV0dgbAE5+2XFEB6sA="
    },
    "deepmerge": {
      "version": "4.2.2",
      "resolved": "http://r.npm.sankuai.com/deepmerge/download/deepmerge-4.2.2.tgz",
      "integrity": "sha1-RNLqNnm49NT/ujPwPYZfwee/SVU="
    },
    "delegate": {
      "version": "3.2.0",
      "resolved": "http://r.npm.sankuai.com/delegate/download/delegate-3.2.0.tgz",
      "integrity": "sha1-tmtxwxWFIuirV0T3INjKDCr1kWY=",
      "optional": true
    },
    "dom-serializer": {
      "version": "1.2.0",
      "resolved": "http://r.npm.sankuai.com/dom-serializer/download/dom-serializer-1.2.0.tgz",
      "integrity": "sha1-NDPZE2rrPGJ5gdqjhfx/MtJ8SPE=",
      "requires": {
        "domelementtype": "^2.0.1",
        "domhandler": "^4.0.0",
        "entities": "^2.0.0"
      },
      "dependencies": {
        "domhandler": {
          "version": "4.0.0",
          "resolved": "http://r.npm.sankuai.com/domhandler/download/domhandler-4.0.0.tgz",
          "integrity": "sha1-Aep4Id6ZbYX2kCnoH6hzwhgzCY4=",
          "requires": {
            "domelementtype": "^2.1.0"
          }
        }
      }
    },
    "domelementtype": {
      "version": "2.1.0",
      "resolved": "http://r.npm.sankuai.com/domelementtype/download/domelementtype-2.1.0.tgz",
      "integrity": "sha1-qFHAgKbRw9lDRK7RUdmfZp7fWF4="
    },
    "domhandler": {
      "version": "3.3.0",
      "resolved": "http://r.npm.sankuai.com/domhandler/download/domhandler-3.3.0.tgz",
      "integrity": "sha1-bbfqRuRhfrFc+HXfaLK4UkzgA3o=",
      "requires": {
        "domelementtype": "^2.0.1"
      }
    },
    "domutils": {
      "version": "2.4.4",
      "resolved": "http://r.npm.sankuai.com/domutils/download/domutils-2.4.4.tgz",
      "integrity": "sha1-KCc5xLFQ0CLTRpl5c2mq2NGbu9M=",
      "requires": {
        "dom-serializer": "^1.0.1",
        "domelementtype": "^2.0.1",
        "domhandler": "^4.0.0"
      },
      "dependencies": {
        "domhandler": {
          "version": "4.0.0",
          "resolved": "http://r.npm.sankuai.com/domhandler/download/domhandler-4.0.0.tgz",
          "integrity": "sha1-Aep4Id6ZbYX2kCnoH6hzwhgzCY4=",
          "requires": {
            "domelementtype": "^2.1.0"
          }
        }
      }
    },
    "entities": {
      "version": "2.1.0",
      "resolved": "http://r.npm.sankuai.com/entities/download/entities-2.1.0.tgz",
      "integrity": "sha1-mS0xKc999ocLlsV4WMJJoSD4uLU="
    },
    "esprima": {
      "version": "4.0.1",
      "resolved": "http://r.npm.sankuai.com/esprima/download/esprima-4.0.1.tgz",
      "integrity": "sha1-E7BM2z5sXRnfkatph6hpVhmwqnE="
    },
    "fill-range": {
      "version": "7.0.1",
      "resolved": "http://r.npm.sankuai.com/fill-range/download/fill-range-7.0.1.tgz",
      "integrity": "sha1-GRmmp8df44ssfHflGYU12prN2kA=",
      "requires": {
        "to-regex-range": "^5.0.1"
      }
    },
    "fsevents": {
      "version": "2.1.3",
      "resolved": "http://r.npm.sankuai.com/fsevents/download/fsevents-2.1.3.tgz",
      "integrity": "sha1-+3OHA66NL5/pAMM4Nt3r7ouX8j4=",
      "optional": true
    },
    "function-bind": {
      "version": "1.1.1",
      "resolved": "http://r.npm.sankuai.com/function-bind/download/function-bind-1.1.1.tgz",
      "integrity": "sha1-pWiZ0+o8m6uHS7l3O3xe3pL0iV0="
    },
    "glob-parent": {
      "version": "5.1.1",
      "resolved": "http://r.npm.sankuai.com/glob-parent/download/glob-parent-5.1.1.tgz",
      "integrity": "sha1-tsHvQXxOVmPqSY8cRa+saRa7wik=",
      "requires": {
        "is-glob": "^4.0.1"
      }
    },
    "good-listener": {
      "version": "1.2.2",
      "resolved": "http://r.npm.sankuai.com/good-listener/download/good-listener-1.2.2.tgz",
      "integrity": "sha1-1TswzfkxPf+33JoNR3CWqm0UXFA=",
      "optional": true,
      "requires": {
        "delegate": "^3.1.2"
      }
    },
    "graceful-fs": {
      "version": "4.2.4",
      "resolved": "http://r.npm.sankuai.com/graceful-fs/download/graceful-fs-4.2.4.tgz",
      "integrity": "sha1-Ila94U02MpWMRl68ltxGfKB6Kfs="
    },
    "has": {
      "version": "1.0.3",
      "resolved": "http://r.npm.sankuai.com/has/download/has-1.0.3.tgz",
      "integrity": "sha1-ci18v8H2qoJB8W3YFOAR4fQeh5Y=",
      "requires": {
        "function-bind": "^1.1.1"
      }
    },
    "has-flag": {
      "version": "4.0.0",
      "resolved": "http://r.npm.sankuai.com/has-flag/download/has-flag-4.0.0.tgz",
      "integrity": "sha1-lEdx/ZyByBJlxNaUGGDaBrtZR5s="
    },
    "hexo": {
      "version": "5.3.0",
      "resolved": "http://r.npm.sankuai.com/hexo/download/hexo-5.3.0.tgz",
      "integrity": "sha1-R3Ni8TtnbX157LNTQY/4MOsndhw=",
      "requires": {
        "abbrev": "^1.1.1",
        "archy": "^1.0.0",
        "bluebird": "^3.5.2",
        "chalk": "^4.0.0",
        "hexo-cli": "^4.0.0",
        "hexo-front-matter": "^2.0.0",
        "hexo-fs": "^3.1.0",
        "hexo-i18n": "^1.0.0",
        "hexo-log": "^2.0.0",
        "hexo-util": "^2.4.0",
        "js-yaml": "^3.12.0",
        "micromatch": "^4.0.2",
        "moment": "^2.22.2",
        "moment-timezone": "^0.5.21",
        "nunjucks": "^3.2.1",
        "pretty-hrtime": "^1.0.3",
        "resolve": "^1.8.1",
        "strip-ansi": "^6.0.0",
        "text-table": "^0.2.0",
        "tildify": "^2.0.0",
        "titlecase": "^1.1.2",
        "warehouse": "^4.0.0"
      },
      "dependencies": {
        "hexo-cli": {
          "version": "4.2.0",
          "resolved": "http://r.npm.sankuai.com/hexo-cli/download/hexo-cli-4.2.0.tgz",
          "integrity": "sha1-dGR7xyqQuc6/BK9bxwg5qygaMF0=",
          "requires": {
            "abbrev": "^1.1.1",
            "bluebird": "^3.5.5",
            "chalk": "^4.0.0",
            "command-exists": "^1.2.8",
            "hexo-fs": "^3.0.1",
            "hexo-log": "^2.0.0",
            "hexo-util": "^2.0.0",
            "minimist": "^1.2.5",
            "resolve": "^1.11.0",
            "tildify": "^2.0.0"
          }
        }
      }
    },
    "hexo-front-matter": {
      "version": "2.0.0",
      "resolved": "http://r.npm.sankuai.com/hexo-front-matter/download/hexo-front-matter-2.0.0.tgz",
      "integrity": "sha1-A/Oanu2xbFRI27O+x9/yxOIkAGw=",
      "requires": {
        "js-yaml": "^3.13.1"
      }
    },
    "hexo-fs": {
      "version": "3.1.0",
      "resolved": "http://r.npm.sankuai.com/hexo-fs/download/hexo-fs-3.1.0.tgz",
      "integrity": "sha1-IFL/csaM2ixXeoeqDqeYCuUD+pk=",
      "requires": {
        "bluebird": "^3.5.1",
        "chokidar": "^3.0.0",
        "graceful-fs": "^4.1.11",
        "hexo-util": "^2.0.0"
      }
    },
    "hexo-i18n": {
      "version": "1.0.0",
      "resolved": "http://r.npm.sankuai.com/hexo-i18n/download/hexo-i18n-1.0.0.tgz",
      "integrity": "sha1-eYP7OjE+kGFbhN2PqUanHEie9b0=",
      "requires": {
        "sprintf-js": "^1.0.3"
      }
    },
    "hexo-log": {
      "version": "2.0.0",
      "resolved": "http://r.npm.sankuai.com/hexo-log/download/hexo-log-2.0.0.tgz",
      "integrity": "sha1-HcyOlgApsIshmU/ixWxOPWNG6JM=",
      "requires": {
        "chalk": "^4.0.0"
      }
    },
    "hexo-util": {
      "version": "2.4.0",
      "resolved": "http://r.npm.sankuai.com/hexo-util/download/hexo-util-2.4.0.tgz",
      "integrity": "sha1-9cAJmgoXGLOtJwYeXk0fuet/K0E=",
      "requires": {
        "bluebird": "^3.5.2",
        "camel-case": "^4.0.0",
        "cross-spawn": "^7.0.0",
        "deepmerge": "^4.2.2",
        "highlight.js": "^10.0.0",
        "htmlparser2": "^4.0.0",
        "prismjs": "^1.17.1",
        "strip-indent": "^3.0.0",
        "striptags": "^3.1.1"
      }
    },
    "highlight.js": {
      "version": "10.4.1",
      "resolved": "http://r.npm.sankuai.com/highlight.js/download/highlight.js-10.4.1.tgz",
      "integrity": "sha1-1I+89KmXHENhs/lfMCdHr+GdutA="
    },
    "htmlparser2": {
      "version": "4.1.0",
      "resolved": "http://r.npm.sankuai.com/htmlparser2/download/htmlparser2-4.1.0.tgz",
      "integrity": "sha1-mk7xYfLkYl6/ffvmwKL1LRilnng=",
      "requires": {
        "domelementtype": "^2.0.1",
        "domhandler": "^3.0.0",
        "domutils": "^2.0.0",
        "entities": "^2.0.0"
      }
    },
    "is-binary-path": {
      "version": "2.1.0",
      "resolved": "http://r.npm.sankuai.com/is-binary-path/download/is-binary-path-2.1.0.tgz",
      "integrity": "sha1-6h9/O4DwZCNug0cPhsCcJU+0Wwk=",
      "requires": {
        "binary-extensions": "^2.0.0"
      }
    },
    "is-core-module": {
      "version": "2.2.0",
      "resolved": "http://r.npm.sankuai.com/is-core-module/download/is-core-module-2.2.0.tgz",
      "integrity": "sha1-lwN+89UiJNhRY/VZeytj2a/tmBo=",
      "requires": {
        "has": "^1.0.3"
      }
    },
    "is-extglob": {
      "version": "2.1.1",
      "resolved": "http://r.npm.sankuai.com/is-extglob/download/is-extglob-2.1.1.tgz",
      "integrity": "sha1-qIwCU1eR8C7TfHahueqXc8gz+MI="
    },
    "is-glob": {
      "version": "4.0.1",
      "resolved": "http://r.npm.sankuai.com/is-glob/download/is-glob-4.0.1.tgz",
      "integrity": "sha1-dWfb6fL14kZ7x3q4PEopSCQHpdw=",
      "requires": {
        "is-extglob": "^2.1.1"
      }
    },
    "is-number": {
      "version": "7.0.0",
      "resolved": "http://r.npm.sankuai.com/is-number/download/is-number-7.0.0.tgz",
      "integrity": "sha1-dTU0W4lnNNX4DE0GxQlVUnoU8Ss="
    },
    "is-plain-object": {
      "version": "3.0.1",
      "resolved": "http://r.npm.sankuai.com/is-plain-object/download/is-plain-object-3.0.1.tgz",
      "integrity": "sha1-Zi2S0kwKpDAkB7DUXSHyJRyF+Fs="
    },
    "isexe": {
      "version": "2.0.0",
      "resolved": "http://r.npm.sankuai.com/isexe/download/isexe-2.0.0.tgz",
      "integrity": "sha1-6PvzdNxVb/iUehDcsFctYz8s+hA="
    },
    "js-yaml": {
      "version": "3.14.1",
      "resolved": "http://r.npm.sankuai.com/js-yaml/download/js-yaml-3.14.1.tgz",
      "integrity": "sha1-2ugS/bOCX6MGYJqHFzg8UMNqBTc=",
      "requires": {
        "argparse": "^1.0.7",
        "esprima": "^4.0.0"
      }
    },
    "jsonparse": {
      "version": "1.3.1",
      "resolved": "http://r.npm.sankuai.com/jsonparse/download/jsonparse-1.3.1.tgz",
      "integrity": "sha1-P02uSpH6wxX3EGL4UhzCOfE2YoA="
    },
    "lower-case": {
      "version": "2.0.2",
      "resolved": "http://r.npm.sankuai.com/lower-case/download/lower-case-2.0.2.tgz",
      "integrity": "sha1-b6I3xj29xKgsoP2ILkci3F5jTig=",
      "requires": {
        "tslib": "^2.0.3"
      }
    },
    "micromatch": {
      "version": "4.0.2",
      "resolved": "http://r.npm.sankuai.com/micromatch/download/micromatch-4.0.2.tgz",
      "integrity": "sha1-T8sJmb+fvC/L3SEvbWKbmlbDklk=",
      "requires": {
        "braces": "^3.0.1",
        "picomatch": "^2.0.5"
      }
    },
    "min-indent": {
      "version": "1.0.1",
      "resolved": "http://r.npm.sankuai.com/min-indent/download/min-indent-1.0.1.tgz",
      "integrity": "sha1-pj9oFnOzBXH76LwlaGrnRu76mGk="
    },
    "minimist": {
      "version": "1.2.5",
      "resolved": "http://r.npm.sankuai.com/minimist/download/minimist-1.2.5.tgz",
      "integrity": "sha1-Z9ZgFLZqaoqqDAg8X9WN9OTpdgI="
    },
    "moment": {
      "version": "2.29.1",
      "resolved": "http://r.npm.sankuai.com/moment/download/moment-2.29.1.tgz",
      "integrity": "sha1-sr52n6MZQL6e7qZGnAdeNQBvo9M="
    },
    "moment-timezone": {
      "version": "0.5.32",
      "resolved": "http://r.npm.sankuai.com/moment-timezone/download/moment-timezone-0.5.32.tgz",
      "integrity": "sha1-23Z3zDzGgP0wMD69kLDaHKDf7MI=",
      "requires": {
        "moment": ">= 2.9.0"
      }
    },
    "no-case": {
      "version": "3.0.4",
      "resolved": "http://r.npm.sankuai.com/no-case/download/no-case-3.0.4.tgz",
      "integrity": "sha1-02H9XJgA9VhVGoNp/A3NRmK2Ek0=",
      "requires": {
        "lower-case": "^2.0.2",
        "tslib": "^2.0.3"
      }
    },
    "normalize-path": {
      "version": "3.0.0",
      "resolved": "http://r.npm.sankuai.com/normalize-path/download/normalize-path-3.0.0.tgz",
      "integrity": "sha1-Dc1p/yOhybEf0JeDFmRKA4ghamU="
    },
    "nunjucks": {
      "version": "3.2.2",
      "resolved": "http://r.npm.sankuai.com/nunjucks/download/nunjucks-3.2.2.tgz",
      "integrity": "sha1-RfkV/vD4n7qzjEidyFAl9khZ9GY=",
      "requires": {
        "a-sync-waterfall": "^1.0.0",
        "asap": "^2.0.3",
        "chokidar": "^3.3.0",
        "commander": "^5.1.0"
      }
    },
    "pascal-case": {
      "version": "3.1.2",
      "resolved": "http://r.npm.sankuai.com/pascal-case/download/pascal-case-3.1.2.tgz",
      "integrity": "sha1-tI4O8rmOIF58Ha50fQsVCCN2YOs=",
      "requires": {
        "no-case": "^3.0.4",
        "tslib": "^2.0.3"
      }
    },
    "path-key": {
      "version": "3.1.1",
      "resolved": "http://r.npm.sankuai.com/path-key/download/path-key-3.1.1.tgz",
      "integrity": "sha1-WB9q3mWMu6ZaDTOA3ndTKVBU83U="
    },
    "path-parse": {
      "version": "1.0.6",
      "resolved": "http://r.npm.sankuai.com/path-parse/download/path-parse-1.0.6.tgz",
      "integrity": "sha1-1i27VnlAXXLEc37FhgDp3c8G0kw="
    },
    "picomatch": {
      "version": "2.2.2",
      "resolved": "http://r.npm.sankuai.com/picomatch/download/picomatch-2.2.2.tgz",
      "integrity": "sha1-IfMz6ba46v8CRo9RRupAbTRfTa0="
    },
    "pretty-hrtime": {
      "version": "1.0.3",
      "resolved": "http://r.npm.sankuai.com/pretty-hrtime/download/pretty-hrtime-1.0.3.tgz",
      "integrity": "sha1-t+PqQkNaTJsnWdmeDyAesZWALuE="
    },
    "prismjs": {
      "version": "1.23.0",
      "resolved": "http://r.npm.sankuai.com/prismjs/download/prismjs-1.23.0.tgz",
      "integrity": "sha1-07OWf31yRAaQSXZSqdQP8EYGfzM=",
      "requires": {
        "clipboard": "^2.0.0"
      }
    },
    "readdirp": {
      "version": "3.5.0",
      "resolved": "http://r.npm.sankuai.com/readdirp/download/readdirp-3.5.0.tgz",
      "integrity": "sha1-m6dMAZsV02UnjS6Ru4xI17TULJ4=",
      "requires": {
        "picomatch": "^2.2.1"
      }
    },
    "resolve": {
      "version": "1.19.0",
      "resolved": "http://r.npm.sankuai.com/resolve/download/resolve-1.19.0.tgz",
      "integrity": "sha1-GvW/YwQJc0oGfK4pMYqsf6KaJnw=",
      "requires": {
        "is-core-module": "^2.1.0",
        "path-parse": "^1.0.6"
      }
    },
    "rfdc": {
      "version": "1.1.4",
      "resolved": "http://r.npm.sankuai.com/rfdc/download/rfdc-1.1.4.tgz",
      "integrity": "sha1-unLME2egzNnPgahws7WL060H+MI="
    },
    "select": {
      "version": "1.1.2",
      "resolved": "http://r.npm.sankuai.com/select/download/select-1.1.2.tgz",
      "integrity": "sha1-DnNQrN7ICxEIUoeG7B1EGNEbOW0=",
      "optional": true
    },
    "shebang-command": {
      "version": "2.0.0",
      "resolved": "http://r.npm.sankuai.com/shebang-command/download/shebang-command-2.0.0.tgz",
      "integrity": "sha1-zNCvT4g1+9wmW4JGGq8MNmY/NOo=",
      "requires": {
        "shebang-regex": "^3.0.0"
      }
    },
    "shebang-regex": {
      "version": "3.0.0",
      "resolved": "http://r.npm.sankuai.com/shebang-regex/download/shebang-regex-3.0.0.tgz",
      "integrity": "sha1-rhbxZE2HPsrYQ7AwexQzYtTEIXI="
    },
    "sprintf-js": {
      "version": "1.0.3",
      "resolved": "http://r.npm.sankuai.com/sprintf-js/download/sprintf-js-1.0.3.tgz",
      "integrity": "sha1-BOaSb2YolTVPPdAVIDYzuFcpfiw="
    },
    "strip-ansi": {
      "version": "6.0.0",
      "resolved": "http://r.npm.sankuai.com/strip-ansi/download/strip-ansi-6.0.0.tgz",
      "integrity": "sha1-CxVx3XZpzNTz4G4U7x7tJiJa5TI=",
      "requires": {
        "ansi-regex": "^5.0.0"
      }
    },
    "strip-indent": {
      "version": "3.0.0",
      "resolved": "http://r.npm.sankuai.com/strip-indent/download/strip-indent-3.0.0.tgz",
      "integrity": "sha1-wy4c7pQLazQyx3G8LFS8znPNMAE=",
      "requires": {
        "min-indent": "^1.0.0"
      }
    },
    "striptags": {
      "version": "3.1.1",
      "resolved": "http://r.npm.sankuai.com/striptags/download/striptags-3.1.1.tgz",
      "integrity": "sha1-yMPn/db7S7OjKjt1LltePjgJPr0="
    },
    "supports-color": {
      "version": "7.2.0",
      "resolved": "http://r.npm.sankuai.com/supports-color/download/supports-color-7.2.0.tgz",
      "integrity": "sha1-G33NyzK4E4gBs+R4umpRyqiWSNo=",
      "requires": {
        "has-flag": "^4.0.0"
      }
    },
    "text-table": {
      "version": "0.2.0",
      "resolved": "http://r.npm.sankuai.com/text-table/download/text-table-0.2.0.tgz",
      "integrity": "sha1-f17oI66AUgfACvLfSoTsP8+lcLQ="
    },
    "through": {
      "version": "2.3.8",
      "resolved": "http://r.npm.sankuai.com/through/download/through-2.3.8.tgz",
      "integrity": "sha1-DdTJ/6q8NXlgsbckEV1+Doai4fU="
    },
    "tildify": {
      "version": "2.0.0",
      "resolved": "http://r.npm.sankuai.com/tildify/download/tildify-2.0.0.tgz",
      "integrity": "sha1-8gXzZ01nfOaYtwZ6melJzgO0dUo="
    },
    "tiny-emitter": {
      "version": "2.1.0",
      "resolved": "http://r.npm.sankuai.com/tiny-emitter/download/tiny-emitter-2.1.0.tgz",
      "integrity": "sha1-HRpW7fxRxD6GPLtTgqcjMONVVCM=",
      "optional": true
    },
    "titlecase": {
      "version": "1.1.3",
      "resolved": "http://r.npm.sankuai.com/titlecase/download/titlecase-1.1.3.tgz",
      "integrity": "sha1-/G1l/1grBgJBB2jvGgm3BQYxPcM="
    },
    "to-regex-range": {
      "version": "5.0.1",
      "resolved": "http://r.npm.sankuai.com/to-regex-range/download/to-regex-range-5.0.1.tgz",
      "integrity": "sha1-FkjESq58jZiKMmAY7XL1tN0DkuQ=",
      "requires": {
        "is-number": "^7.0.0"
      }
    },
    "tslib": {
      "version": "2.0.3",
      "resolved": "http://r.npm.sankuai.com/tslib/download/tslib-2.0.3.tgz",
      "integrity": "sha1-jgdBrEX8DCJuWKF7/D5kubxsphw="
    },
    "warehouse": {
      "version": "4.0.0",
      "resolved": "http://r.npm.sankuai.com/warehouse/download/warehouse-4.0.0.tgz",
      "integrity": "sha1-RYMrxD4f0yO9nTyGsnYUMLoNHns=",
      "requires": {
        "JSONStream": "^1.0.7",
        "bluebird": "^3.2.2",
        "cuid": "^2.1.4",
        "graceful-fs": "^4.1.3",
        "is-plain-object": "^3.0.0",
        "rfdc": "^1.1.4"
      }
    },
    "which": {
      "version": "2.0.2",
      "resolved": "http://r.npm.sankuai.com/which/download/which-2.0.2.tgz",
      "integrity": "sha1-fGqN0KY2oDJ+ELWckobu6T8/UbE=",
      "requires": {
        "isexe": "^2.0.0"
      }
    }
  }
}
